// !$*UTF8*$!
{
	archiveVersion = 1;
	classes = {
	};
	objectVersion = 46;
	objects = {

/* Begin PBXBuildFile section */
		D03F99461B83532300CF26E7 /* main.m in Sources */ = {isa = PBXBuildFile; fileRef = D03F99451B83532300CF26E7 /* main.m */; };
		D03F99491B83532300CF26E7 /* AppDelegate.m in Sources */ = {isa = PBXBuildFile; fileRef = D03F99481B83532300CF26E7 /* AppDelegate.m */; };
		D03F994C1B83532300CF26E7 /* ViewController.m in Sources */ = {isa = PBXBuildFile; fileRef = D03F994B1B83532300CF26E7 /* ViewController.m */; };
		D03F994F1B83532300CF26E7 /* Main.storyboard in Resources */ = {isa = PBXBuildFile; fileRef = D03F994D1B83532300CF26E7 /* Main.storyboard */; };
		D03F99511B83532300CF26E7 /* Assets.xcassets in Resources */ = {isa = PBXBuildFile; fileRef = D03F99501B83532300CF26E7 /* Assets.xcassets */; };
		D03F99541B83532300CF26E7 /* LaunchScreen.storyboard in Resources */ = {isa = PBXBuildFile; fileRef = D03F99521B83532300CF26E7 /* LaunchScreen.storyboard */; };
		D03F995F1B83532300CF26E7 /* WetterappTests.m in Sources */ = {isa = PBXBuildFile; fileRef = D03F995E1B83532300CF26E7 /* WetterappTests.m */; };
		D03F996A1B83532300CF26E7 /* WetterappUITests.m in Sources */ = {isa = PBXBuildFile; fileRef = D03F99691B83532300CF26E7 /* WetterappUITests.m */; };
/* End PBXBuildFile section */

/* Begin PBXContainerItemProxy section */
		D03F995B1B83532300CF26E7 /* PBXContainerItemProxy */ = {
			isa = PBXContainerItemProxy;
			containerPortal = D03F99391B83532300CF26E7 /* Project object */;
			proxyType = 1;
			remoteGlobalIDString = D03F99401B83532300CF26E7;
			remoteInfo = Wetterapp;
		};
		D03F99661B83532300CF26E7 /* PBXContainerItemProxy */ = {
			isa = PBXContainerItemProxy;
			containerPortal = D03F99391B83532300CF26E7 /* Project object */;
			proxyType = 1;
			remoteGlobalIDString = D03F99401B83532300CF26E7;
			remoteInfo = Wetterapp;
		};
/* End PBXContainerItemProxy section */

/* Begin PBXFileReference section */
		D03F99411B83532300CF26E7 /* Wetterapp.app */ = {isa = PBXFileReference; explicitFileType = wrapper.application; includeInIndex = 0; path = Wetterapp.app; sourceTree = BUILT_PRODUCTS_DIR; };
		D03F99451B83532300CF26E7 /* main.m */ = {isa = PBXFileReference; lastKnownFileType = sourcecode.c.objc; path = main.m; sourceTree = "<group>"; };
		D03F99471B83532300CF26E7 /* AppDelegate.h */ = {isa = PBXFileReference; lastKnownFileType = sourcecode.c.h; path = AppDelegate.h; sourceTree = "<group>"; };
		D03F99481B83532300CF26E7 /* AppDelegate.m */ = {isa = PBXFileReference; lastKnownFileType = sourcecode.c.objc; path = AppDelegate.m; sourceTree = "<group>"; };
		D03F994A1B83532300CF26E7 /* ViewController.h */ = {isa = PBXFileReference; lastKnownFileType = sourcecode.c.h; path = ViewController.h; sourceTree = "<group>"; };
		D03F994B1B83532300CF26E7 /* ViewController.m */ = {isa = PBXFileReference; lastKnownFileType = sourcecode.c.objc; path = ViewController.m; sourceTree = "<group>"; };
		D03F994E1B83532300CF26E7 /* Base */ = {isa = PBXFileReference; lastKnownFileType = file.storyboard; name = Base; path = Base.lproj/Main.storyboard; sourceTree = "<group>"; };
		D03F99501B83532300CF26E7 /* Assets.xcassets */ = {isa = PBXFileReference; lastKnownFileType = folder.assetcatalog; path = Assets.xcassets; sourceTree = "<group>"; };
		D03F99531B83532300CF26E7 /* Base */ = {isa = PBXFileReference; lastKnownFileType = file.storyboard; name = Base; path = Base.lproj/LaunchScreen.storyboard; sourceTree = "<group>"; };
		D03F99551B83532300CF26E7 /* Info.plist */ = {isa = PBXFileReference; lastKnownFileType = text.plist.xml; path = Info.plist; sourceTree = "<group>"; };
		D03F995A1B83532300CF26E7 /* WetterappTests.xctest */ = {isa = PBXFileReference; explicitFileType = wrapper.cfbundle; includeInIndex = 0; path = WetterappTests.xctest; sourceTree = BUILT_PRODUCTS_DIR; };
		D03F995E1B83532300CF26E7 /* WetterappTests.m */ = {isa = PBXFileReference; lastKnownFileType = sourcecode.c.objc; path = WetterappTests.m; sourceTree = "<group>"; };
		D03F99601B83532300CF26E7 /* Info.plist */ = {isa = PBXFileReference; lastKnownFileType = text.plist.xml; path = Info.plist; sourceTree = "<group>"; };
		D03F99651B83532300CF26E7 /* WetterappUITests.xctest */ = {isa = PBXFileReference; explicitFileType = wrapper.cfbundle; includeInIndex = 0; path = WetterappUITests.xctest; sourceTree = BUILT_PRODUCTS_DIR; };
		D03F99691B83532300CF26E7 /* WetterappUITests.m */ = {isa = PBXFileReference; lastKnownFileType = sourcecode.c.objc; path = WetterappUITests.m; sourceTree = "<group>"; };
		D03F996B1B83532300CF26E7 /* Info.plist */ = {isa = PBXFileReference; lastKnownFileType = text.plist.xml; path = Info.plist; sourceTree = "<group>"; };
/* End PBXFileReference section */

/* Begin PBXFrameworksBuildPhase section */
		D03F993E1B83532300CF26E7 /* Frameworks */ = {
			isa = PBXFrameworksBuildPhase;
			buildActionMask = 2147483647;
			files = (
			);
			runOnlyForDeploymentPostprocessing = 0;
		};
		D03F99571B83532300CF26E7 /* Frameworks */ = {
			isa = PBXFrameworksBuildPhase;
			buildActionMask = 2147483647;
			files = (
			);
			runOnlyForDeploymentPostprocessing = 0;
		};
		D03F99621B83532300CF26E7 /* Frameworks */ = {
			isa = PBXFrameworksBuildPhase;
			buildActionMask = 2147483647;
			files = (
			);
			runOnlyForDeploymentPostprocessing = 0;
		};
/* End PBXFrameworksBuildPhase section */

/* Begin PBXGroup section */
		D03F99381B83532300CF26E7 = {
			isa = PBXGroup;
			children = (
				D03F99431B83532300CF26E7 /* Wetterapp */,
				D03F995D1B83532300CF26E7 /* WetterappTests */,
				D03F99681B83532300CF26E7 /* WetterappUITests */,
				D03F99421B83532300CF26E7 /* Products */,
			);
			sourceTree = "<group>";
		};
		D03F99421B83532300CF26E7 /* Products */ = {
			isa = PBXGroup;
			children = (
				D03F99411B83532300CF26E7 /* Wetterapp.app */,
				D03F995A1B83532300CF26E7 /* WetterappTests.xctest */,
				D03F99651B83532300CF26E7 /* WetterappUITests.xctest */,
			);
			name = Products;
			sourceTree = "<group>";
		};
		D03F99431B83532300CF26E7 /* Wetterapp */ = {
			isa = PBXGroup;
			children = (
				D03F99471B83532300CF26E7 /* AppDelegate.h */,
				D03F99481B83532300CF26E7 /* AppDelegate.m */,
				D03F994A1B83532300CF26E7 /* ViewController.h */,
				D03F994B1B83532300CF26E7 /* ViewController.m */,
				D03F994D1B83532300CF26E7 /* Main.storyboard */,
				D03F99501B83532300CF26E7 /* Assets.xcassets */,
				D03F99521B83532300CF26E7 /* LaunchScreen.storyboard */,
				D03F99551B83532300CF26E7 /* Info.plist */,
				D03F99441B83532300CF26E7 /* Supporting Files */,
			);
			path = Wetterapp;
			sourceTree = "<group>";
		};
		D03F99441B83532300CF26E7 /* Supporting Files */ = {
			isa = PBXGroup;
			children = (
				D03F99451B83532300CF26E7 /* main.m */,
			);
			name = "Supporting Files";
			sourceTree = "<group>";
		};
		D03F995D1B83532300CF26E7 /* WetterappTests */ = {
			isa = PBXGroup;
			children = (
				D03F995E1B83532300CF26E7 /* WetterappTests.m */,
				D03F99601B83532300CF26E7 /* Info.plist */,
			);
			path = WetterappTests;
			sourceTree = "<group>";
		};
		D03F99681B83532300CF26E7 /* WetterappUITests */ = {
			isa = PBXGroup;
			children = (
				D03F99691B83532300CF26E7 /* WetterappUITests.m */,
				D03F996B1B83532300CF26E7 /* Info.plist */,
			);
			path = WetterappUITests;
			sourceTree = "<group>";
		};
/* End PBXGroup section */

/* Begin PBXNativeTarget section */
		D03F99401B83532300CF26E7 /* Wetterapp */ = {
			isa = PBXNativeTarget;
			buildConfigurationList = D03F996E1B83532300CF26E7 /* Build configuration list for PBXNativeTarget "Wetterapp" */;
			buildPhases = (
				D03F993D1B83532300CF26E7 /* Sources */,
				D03F993E1B83532300CF26E7 /* Frameworks */,
				D03F993F1B83532300CF26E7 /* Resources */,
			);
			buildRules = (
			);
			dependencies = (
			);
			name = Wetterapp;
			productName = Wetterapp;
			productReference = D03F99411B83532300CF26E7 /* Wetterapp.app */;
			productType = "com.apple.product-type.application";
		};
		D03F99591B83532300CF26E7 /* WetterappTests */ = {
			isa = PBXNativeTarget;
			buildConfigurationList = D03F99711B83532300CF26E7 /* Build configuration list for PBXNativeTarget "WetterappTests" */;
			buildPhases = (
				D03F99561B83532300CF26E7 /* Sources */,
				D03F99571B83532300CF26E7 /* Frameworks */,
				D03F99581B83532300CF26E7 /* Resources */,
			);
			buildRules = (
			);
			dependencies = (
				D03F995C1B83532300CF26E7 /* PBXTargetDependency */,
			);
			name = WetterappTests;
			productName = WetterappTests;
			productReference = D03F995A1B83532300CF26E7 /* WetterappTests.xctest */;
			productType = "com.apple.product-type.bundle.unit-test";
		};
		D03F99641B83532300CF26E7 /* WetterappUITests */ = {
			isa = PBXNativeTarget;
			buildConfigurationList = D03F99741B83532300CF26E7 /* Build configuration list for PBXNativeTarget "WetterappUITests" */;
			buildPhases = (
				D03F99611B83532300CF26E7 /* Sources */,
				D03F99621B83532300CF26E7 /* Frameworks */,
				D03F99631B83532300CF26E7 /* Resources */,
			);
			buildRules = (
			);
			dependencies = (
				D03F99671B83532300CF26E7 /* PBXTargetDependency */,
			);
			name = WetterappUITests;
			productName = WetterappUITests;
			productReference = D03F99651B83532300CF26E7 /* WetterappUITests.xctest */;
			productType = "com.apple.product-type.bundle.ui-testing";
		};
/* End PBXNativeTarget section */

/* Begin PBXProject section */
		D03F99391B83532300CF26E7 /* Project object */ = {
			isa = PBXProject;
			attributes = {
				LastUpgradeCheck = 0700;
				ORGANIZATIONNAME = "Martin Pelke";
				TargetAttributes = {
					D03F99401B83532300CF26E7 = {
						CreatedOnToolsVersion = 7.0;
					};
					D03F99591B83532300CF26E7 = {
						CreatedOnToolsVersion = 7.0;
						TestTargetID = D03F99401B83532300CF26E7;
					};
					D03F99641B83532300CF26E7 = {
						CreatedOnToolsVersion = 7.0;
						TestTargetID = D03F99401B83532300CF26E7;
					};
				};
			};
			buildConfigurationList = D03F993C1B83532300CF26E7 /* Build configuration list for PBXProject "Wetterapp" */;
			compatibilityVersion = "Xcode 3.2";
			developmentRegion = English;
			hasScannedForEncodings = 0;
			knownRegions = (
				en,
				Base,
			);
			mainGroup = D03F99381B83532300CF26E7;
			productRefGroup = D03F99421B83532300CF26E7 /* Products */;
			projectDirPath = "";
			projectRoot = "";
			targets = (
				D03F99401B83532300CF26E7 /* Wetterapp */,
				D03F99591B83532300CF26E7 /* WetterappTests */,
				D03F99641B83532300CF26E7 /* WetterappUITests */,
			);
		};
/* End PBXProject section */

/* Begin PBXResourcesBuildPhase section */
		D03F993F1B83532300CF26E7 /* Resources */ = {
			isa = PBXResourcesBuildPhase;
			buildActionMask = 2147483647;
			files = (
				D03F99541B83532300CF26E7 /* LaunchScreen.storyboard in Resources */,
				D03F99511B83532300CF26E7 /* Assets.xcassets in Resources */,
				D03F994F1B83532300CF26E7 /* Main.storyboard in Resources */,
			);
			runOnlyForDeploymentPostprocessing = 0;
		};
		D03F99581B83532300CF26E7 /* Resources */ = {
			isa = PBXResourcesBuildPhase;
			buildActionMask = 2147483647;
			files = (
			);
			runOnlyForDeploymentPostprocessing = 0;
		};
		D03F99631B83532300CF26E7 /* Resources */ = {
			isa = PBXResourcesBuildPhase;
			buildActionMask = 2147483647;
			files = (
			);
			runOnlyForDeploymentPostprocessing = 0;
		};
/* End PBXResourcesBuildPhase section */

/* Begin PBXSourcesBuildPhase section */
		D03F993D1B83532300CF26E7 /* Sources */ = {
			isa = PBXSourcesBuildPhase;
			buildActionMask = 2147483647;
			files = (
				D03F994C1B83532300CF26E7 /* ViewController.m in Sources */,
				D03F99491B83532300CF26E7 /* AppDelegate.m in Sources */,
				D03F99461B83532300CF26E7 /* main.m in Sources */,
			);
			runOnlyForDeploymentPostprocessing = 0;
		};
		D03F99561B83532300CF26E7 /* Sources */ = {
			isa = PBXSourcesBuildPhase;
			buildActionMask = 2147483647;
			files = (
				D03F995F1B83532300CF26E7 /* WetterappTests.m in Sources */,
			);
			runOnlyForDeploymentPostprocessing = 0;
		};
		D03F99611B83532300CF26E7 /* Sources */ = {
			isa = PBXSourcesBuildPhase;
			buildActionMask = 2147483647;
			files = (
				D03F996A1B83532300CF26E7 /* WetterappUITests.m in Sources */,
			);
			runOnlyForDeploymentPostprocessing = 0;
		};
/* End PBXSourcesBuildPhase section */

/* Begin PBXTargetDependency section */
		D03F995C1B83532300CF26E7 /* PBXTargetDependency */ = {
			isa = PBXTargetDependency;
			target = D03F99401B83532300CF26E7 /* Wetterapp */;
			targetProxy = D03F995B1B83532300CF26E7 /* PBXContainerItemProxy */;
		};
		D03F99671B83532300CF26E7 /* PBXTargetDependency */ = {
			isa = PBXTargetDependency;
			target = D03F99401B83532300CF26E7 /* Wetterapp */;
			targetProxy = D03F99661B83532300CF26E7 /* PBXContainerItemProxy */;
		};
/* End PBXTargetDependency section */

/* Begin PBXVariantGroup section */
		D03F994D1B83532300CF26E7 /* Main.storyboard */ = {
			isa = PBXVariantGroup;
			children = (
				D03F994E1B83532300CF26E7 /* Base */,
			);
			name = Main.storyboard;
			sourceTree = "<group>";
		};
		D03F99521B83532300CF26E7 /* LaunchScreen.storyboard */ = {
			isa = PBXVariantGroup;
			children = (
				D03F99531B83532300CF26E7 /* Base */,
			);
			name = LaunchScreen.storyboard;
			sourceTree = "<group>";
		};
/* End PBXVariantGroup section */

/* Begin XCBuildConfiguration section */
		D03F996C1B83532300CF26E7 /* Debug */ = {
			isa = XCBuildConfiguration;
			buildSettings = {
				ALWAYS_SEARCH_USER_PATHS = NO;
				CLANG_CXX_LANGUAGE_STANDARD = "gnu++0x";
				CLANG_CXX_LIBRARY = "libc++";
				CLANG_ENABLE_MODULES = YES;
				CLANG_ENABLE_OBJC_ARC = YES;
				CLANG_WARN_BOOL_CONVERSION = YES;
				CLANG_WARN_CONSTANT_CONVERSION = YES;
				CLANG_WARN_DIRECT_OBJC_ISA_USAGE = YES_ERROR;
				CLANG_WARN_EMPTY_BODY = YES;
				CLANG_WARN_ENUM_CONVERSION = YES;
				CLANG_WARN_INT_CONVERSION = YES;
				CLANG_WARN_OBJC_ROOT_CLASS = YES_ERROR;
				CLANG_WARN_UNREACHABLE_CODE = YES;
				CLANG_WARN__DUPLICATE_METHOD_MATCH = YES;
				"CODE_SIGN_IDENTITY[sdk=iphoneos*]" = "iPhone Developer";
				COPY_PHASE_STRIP = NO;
				DEBUG_INFORMATION_FORMAT = dwarf;
				ENABLE_STRICT_OBJC_MSGSEND = YES;
				ENABLE_TESTABILITY = YES;
				GCC_C_LANGUAGE_STANDARD = gnu99;
				GCC_DYNAMIC_NO_PIC = NO;
				GCC_NO_COMMON_BLOCKS = YES;
				GCC_OPTIMIZATION_LEVEL = 0;
				GCC_PREPROCESSOR_DEFINITIONS = (
					"DEBUG=1",
					"$(inherited)",
				);
				GCC_WARN_64_TO_32_BIT_CONVERSION = YES;
				GCC_WARN_ABOUT_RETURN_TYPE = YES_ERROR;
				GCC_WARN_UNDECLARED_SELECTOR = YES;
				GCC_WARN_UNINITIALIZED_AUTOS = YES_AGGRESSIVE;
				GCC_WARN_UNUSED_FUNCTION = YES;
				GCC_WARN_UNUSED_VARIABLE = YES;
				IPHONEOS_DEPLOYMENT_TARGET = 9.0;
				MTL_ENABLE_DEBUG_INFO = YES;
				ONLY_ACTIVE_ARCH = YES;
				SDKROOT = iphoneos;
			};
			name = Debug;
		};
		D03F996D1B83532300CF26E7 /* Release */ = {
			isa = XCBuildConfiguration;
			buildSettings = {
				ALWAYS_SEARCH_USER_PATHS = NO;
				CLANG_CXX_LANGUAGE_STANDARD = "gnu++0x";
				CLANG_CXX_LIBRARY = "libc++";
				CLANG_ENABLE_MODULES = YES;
				CLANG_ENABLE_OBJC_ARC = YES;
				CLANG_WARN_BOOL_CONVERSION = YES;
				CLANG_WARN_CONSTANT_CONVERSION = YES;
				CLANG_WARN_DIRECT_OBJC_ISA_USAGE = YES_ERROR;
				CLANG_WARN_EMPTY_BODY = YES;
				CLANG_WARN_ENUM_CONVERSION = YES;
				CLANG_WARN_INT_CONVERSION = YES;
				CLANG_WARN_OBJC_ROOT_CLASS = YES_ERROR;
				CLANG_WARN_UNREACHABLE_CODE = YES;
				CLANG_WARN__DUPLICATE_METHOD_MATCH = YES;
				"CODE_SIGN_IDENTITY[sdk=iphoneos*]" = "iPhone Developer";
				COPY_PHASE_STRIP = NO;
				DEBUG_INFORMATION_FORMAT = "dwarf-with-dsym";
				ENABLE_NS_ASSERTIONS = NO;
				ENABLE_STRICT_OBJC_MSGSEND = YES;
				GCC_C_LANGUAGE_STANDARD = gnu99;
				GCC_NO_COMMON_BLOCKS = YES;
				GCC_WARN_64_TO_32_BIT_CONVERSION = YES;
				GCC_WARN_ABOUT_RETURN_TYPE = YES_ERROR;
				GCC_WARN_UNDECLARED_SELECTOR = YES;
				GCC_WARN_UNINITIALIZED_AUTOS = YES_AGGRESSIVE;
				GCC_WARN_UNUSED_FUNCTION = YES;
				GCC_WARN_UNUSED_VARIABLE = YES;
				IPHONEOS_DEPLOYMENT_TARGET = 9.0;
				MTL_ENABLE_DEBUG_INFO = NO;
				SDKROOT = iphoneos;
				VALIDATE_PRODUCT = YES;
			};
			name = Release;
		};
		D03F996F1B83532300CF26E7 /* Debug */ = {
			isa = XCBuildConfiguration;
			buildSettings = {
				ASSETCATALOG_COMPILER_APPICON_NAME = AppIcon;
				INFOPLIST_FILE = Wetterapp/Info.plist;
				LD_RUNPATH_SEARCH_PATHS = "$(inherited) @executable_path/Frameworks";
				PRODUCT_BUNDLE_IDENTIFIER = de.brainbow.apps.Wetterapp;
				PRODUCT_NAME = "$(TARGET_NAME)";
			};
			name = Debug;
		};
		D03F99701B83532300CF26E7 /* Release */ = {
			isa = XCBuildConfiguration;
			buildSettings = {
				ASSETCATALOG_COMPILER_APPICON_NAME = AppIcon;
				INFOPLIST_FILE = Wetterapp/Info.plist;
				LD_RUNPATH_SEARCH_PATHS = "$(inherited) @executable_path/Frameworks";
				PRODUCT_BUNDLE_IDENTIFIER = de.brainbow.apps.Wetterapp;
				PRODUCT_NAME = "$(TARGET_NAME)";
			};
			name = Release;
		};
		D03F99721B83532300CF26E7 /* Debug */ = {
			isa = XCBuildConfiguration;
			buildSettings = {
				BUNDLE_LOADER = "$(TEST_HOST)";
				INFOPLIST_FILE = WetterappTests/Info.plist;
				LD_RUNPATH_SEARCH_PATHS = "$(inherited) @executable_path/Frameworks @loader_path/Frameworks";
				PRODUCT_BUNDLE_IDENTIFIER = de.brainbow.apps.WetterappTests;
				PRODUCT_NAME = "$(TARGET_NAME)";
				TEST_HOST = "$(BUILT_PRODUCTS_DIR)/Wetterapp.app/Wetterapp";
			};
			name = Debug;
		};
		D03F99731B83532300CF26E7 /* Release */ = {
			isa = XCBuildConfiguration;
			buildSettings = {
				BUNDLE_LOADER = "$(TEST_HOST)";
				INFOPLIST_FILE = WetterappTests/Info.plist;
				LD_RUNPATH_SEARCH_PATHS = "$(inherited) @executable_path/Frameworks @loader_path/Frameworks";
				PRODUCT_BUNDLE_IDENTIFIER = de.brainbow.apps.WetterappTests;
				PRODUCT_NAME = "$(TARGET_NAME)";
				TEST_HOST = "$(BUILT_PRODUCTS_DIR)/Wetterapp.app/Wetterapp";
			};
			name = Release;
		};
		D03F99751B83532300CF26E7 /* Debug */ = {
			isa = XCBuildConfiguration;
			buildSettings = {
				INFOPLIST_FILE = WetterappUITests/Info.plist;
				LD_RUNPATH_SEARCH_PATHS = "$(inherited) @executable_path/Frameworks @loader_path/Frameworks";
				PRODUCT_BUNDLE_IDENTIFIER = de.brainbow.apps.WetterappUITests;
				PRODUCT_NAME = "$(TARGET_NAME)";
				TEST_TARGET_NAME = Wetterapp;
				USES_XCTRUNNER = YES;
			};
			name = Debug;
		};
		D03F99761B83532300CF26E7 /* Release */ = {
			isa = XCBuildConfiguration;
			buildSettings = {
				INFOPLIST_FILE = WetterappUITests/Info.plist;
				LD_RUNPATH_SEARCH_PATHS = "$(inherited) @executable_path/Frameworks @loader_path/Frameworks";
				PRODUCT_BUNDLE_IDENTIFIER = de.brainbow.apps.WetterappUITests;
				PRODUCT_NAME = "$(TARGET_NAME)";
				TEST_TARGET_NAME = Wetterapp;
				USES_XCTRUNNER = YES;
			};
			name = Release;
		};
/* End XCBuildConfiguration section */

/* Begin XCConfigurationList section */
		D03F993C1B83532300CF26E7 /* Build configuration list for PBXProject "Wetterapp" */ = {
			isa = XCConfigurationList;
			buildConfigurations = (
				D03F996C1B83532300CF26E7 /* Debug */,
				D03F996D1B83532300CF26E7 /* Release */,
			);
			defaultConfigurationIsVisible = 0;
			defaultConfigurationName = Release;
		};
		D03F996E1B83532300CF26E7 /* Build configuration list for PBXNativeTarget "Wetterapp" */ = {
			isa = XCConfigurationList;
			buildConfigurations = (
				D03F996F1B83532300CF26E7 /* Debug */,
				D03F99701B83532300CF26E7 /* Release */,
			);
			defaultConfigurationIsVisible = 0;
		};
		D03F99711B83532300CF26E7 /* Build configuration list for PBXNativeTarget "WetterappTests" */ = {
			isa = XCConfigurationList;
			buildConfigurations = (
				D03F99721B83532300CF26E7 /* Debug */,
				D03F99731B83532300CF26E7 /* Release */,
			);
			defaultConfigurationIsVisible = 0;
		};
		D03F99741B83532300CF26E7 /* Build configuration list for PBXNativeTarget "WetterappUITests" */ = {
			isa = XCConfigurationList;
			buildConfigurations = (
				D03F99751B83532300CF26E7 /* Debug */,
				D03F99761B83532300CF26E7 /* Release */,
			);
			defaultConfigurationIsVisible = 0;
		};
/* End XCConfigurationList section */
	};
	rootObject = D03F99391B83532300CF26E7 /* Project object */;
}
